
Microsoft Visual Studio Solution File, Format Version 12.00
# Visual Studio 15
VisualStudioVersion = 15.0.28307.1525
MinimumVisualStudioVersion = 10.0.40219.1
Project("{FAE04EC0-301F-11D3-BF4B-00C04F79EFBC}") = "EntityFrameworkSamples", "EntityFrameworkSamples\EntityFrameworkSamples.csproj", "{00CD8FAA-0C32-4387-8189-0CADF74EE73A}"
EndProject
Global
	GlobalSection(SolutionConfigurationPlatforms) = preSolution
		Debug|Any CPU = Debug|Any CPU
		Release|Any CPU = Release|Any CPU
	EndGlobalSection
	GlobalSection(ProjectConfigurationPlatforms) = postSolution
		{00CD8FAA-0C32-4387-8189-0CADF74EE73A}.Debug|Any CPU.ActiveCfg = Debug|Any CPU
		{00CD8FAA-0C32-4387-8189-0CADF74EE73A}.Debug|Any CPU.Build.0 = Debug|Any CPU
		{00CD8FAA-0C32-4387-8189-0CADF74EE73A}.Release|Any CPU.ActiveCfg = Release|Any CPU
		{00CD8FAA-0C32-4387-8189-0CADF74EE73A}.Release|Any CPU.Build.0 = Release|Any CPU
	EndGlobalSection
	GlobalSection(SolutionProperties) = preSolution
		HideSolutionNode = FALSE
	EndGlobalSection
	GlobalSection(ExtensibilityGlobals) = postSolution
		SolutionGuid = {7FD31C42-F36D-4BCC-BA8B-C1958B09C6B9}
	EndGlobalSection
EndGlobal
